// !$*UTF8*$!
{
	archiveVersion = 1;
	classes = {
	};
	objectVersion = 56;
	objects = {

/* Begin PBXBuildFile section */
		BE66A2F42909C90000410E23 /* Constants.swift in Sources */ = {isa = PBXBuildFile; fileRef = BE66A2F32909C90000410E23 /* Constants.swift */; };
		BE66A2F62909CE2B00410E23 /* Extensions.swift in Sources */ = {isa = PBXBuildFile; fileRef = BE66A2F52909CE2B00410E23 /* Extensions.swift */; };
		BEC82D8A29083204008EED91 /* Company.swift in Sources */ = {isa = PBXBuildFile; fileRef = BEC82D8929083204008EED91 /* Company.swift */; };
		BEC82D8D290832D6008EED91 /* rawData.json in Resources */ = {isa = PBXBuildFile; fileRef = BEC82D8C290832D6008EED91 /* rawData.json */; };
		BEC82D9529084BC5008EED91 /* TopRatedModel.swift in Sources */ = {isa = PBXBuildFile; fileRef = BEC82D9429084BC5008EED91 /* TopRatedModel.swift */; };
		BEC82D9729084C0C008EED91 /* RecomendationsModel.swift in Sources */ = {isa = PBXBuildFile; fileRef = BEC82D9629084C0C008EED91 /* RecomendationsModel.swift */; };
		BED0E8C82909872100CB9F83 /* GenreModel.swift in Sources */ = {isa = PBXBuildFile; fileRef = BED0E8C72909872100CB9F83 /* GenreModel.swift */; };
		BED0E8CB2909A67000CB9F83 /* TopRatedViewController.swift in Sources */ = {isa = PBXBuildFile; fileRef = BED0E8CA2909A67000CB9F83 /* TopRatedViewController.swift */; };
		BED0E8CD2909A6B700CB9F83 /* RecomendationsViewController.swift in Sources */ = {isa = PBXBuildFile; fileRef = BED0E8CC2909A6B700CB9F83 /* RecomendationsViewController.swift */; };
		BED0E8CF2909A6DA00CB9F83 /* GenreViewController.swift in Sources */ = {isa = PBXBuildFile; fileRef = BED0E8CE2909A6DA00CB9F83 /* GenreViewController.swift */; };
		BEFEB55F2907C9CD00611978 /* AppDelegate.swift in Sources */ = {isa = PBXBuildFile; fileRef = BEFEB55E2907C9CD00611978 /* AppDelegate.swift */; };
		BEFEB5612907C9CD00611978 /* SceneDelegate.swift in Sources */ = {isa = PBXBuildFile; fileRef = BEFEB5602907C9CD00611978 /* SceneDelegate.swift */; };
		BEFEB5632907C9CD00611978 /* ViewController.swift in Sources */ = {isa = PBXBuildFile; fileRef = BEFEB5622907C9CD00611978 /* ViewController.swift */; };
		BEFEB5662907C9CD00611978 /* Main.storyboard in Resources */ = {isa = PBXBuildFile; fileRef = BEFEB5642907C9CD00611978 /* Main.storyboard */; };
		BEFEB5682907C9CD00611978 /* Assets.xcassets in Resources */ = {isa = PBXBuildFile; fileRef = BEFEB5672907C9CD00611978 /* Assets.xcassets */; };
		BEFEB56B2907C9CD00611978 /* LaunchScreen.storyboard in Resources */ = {isa = PBXBuildFile; fileRef = BEFEB5692907C9CD00611978 /* LaunchScreen.storyboard */; };
		C274A71A2ED53B4D744CCDC1 /* Pods_Homework_4.framework in Frameworks */ = {isa = PBXBuildFile; fileRef = BA7EBD4FB3CBDB910B03D36F /* Pods_Homework_4.framework */; };
/* End PBXBuildFile section */

/* Begin PBXFileReference section */
		BA7EBD4FB3CBDB910B03D36F /* Pods_Homework_4.framework */ = {isa = PBXFileReference; explicitFileType = wrapper.framework; includeInIndex = 0; path = Pods_Homework_4.framework; sourceTree = BUILT_PRODUCTS_DIR; };
		BE66A2F32909C90000410E23 /* Constants.swift */ = {isa = PBXFileReference; lastKnownFileType = sourcecode.swift; path = Constants.swift; sourceTree = "<group>"; };
		BE66A2F52909CE2B00410E23 /* Extensions.swift */ = {isa = PBXFileReference; lastKnownFileType = sourcecode.swift; path = Extensions.swift; sourceTree = "<group>"; };
		BEC82D8929083204008EED91 /* Company.swift */ = {isa = PBXFileReference; lastKnownFileType = sourcecode.swift; path = Company.swift; sourceTree = "<group>"; };
		BEC82D8C290832D6008EED91 /* rawData.json */ = {isa = PBXFileReference; lastKnownFileType = text.json; path = rawData.json; sourceTree = "<group>"; };
		BEC82D8F29083994008EED91 /* Homework_4.app */ = {isa = PBXFileReference; explicitFileType = wrapper.application; includeInIndex = 0; path = Homework_4.app; sourceTree = BUILT_PRODUCTS_DIR; };
		BEC82D9429084BC5008EED91 /* TopRatedModel.swift */ = {isa = PBXFileReference; lastKnownFileType = sourcecode.swift; path = TopRatedModel.swift; sourceTree = "<group>"; };
		BEC82D9629084C0C008EED91 /* RecomendationsModel.swift */ = {isa = PBXFileReference; lastKnownFileType = sourcecode.swift; path = RecomendationsModel.swift; sourceTree = "<group>"; };
		BED0E8C72909872100CB9F83 /* GenreModel.swift */ = {isa = PBXFileReference; lastKnownFileType = sourcecode.swift; path = GenreModel.swift; sourceTree = "<group>"; };
		BED0E8CA2909A67000CB9F83 /* TopRatedViewController.swift */ = {isa = PBXFileReference; lastKnownFileType = sourcecode.swift; path = TopRatedViewController.swift; sourceTree = "<group>"; };
		BED0E8CC2909A6B700CB9F83 /* RecomendationsViewController.swift */ = {isa = PBXFileReference; lastKnownFileType = sourcecode.swift; path = RecomendationsViewController.swift; sourceTree = "<group>"; };
		BED0E8CE2909A6DA00CB9F83 /* GenreViewController.swift */ = {isa = PBXFileReference; lastKnownFileType = sourcecode.swift; path = GenreViewController.swift; sourceTree = "<group>"; };
		BEFEB55E2907C9CD00611978 /* AppDelegate.swift */ = {isa = PBXFileReference; lastKnownFileType = sourcecode.swift; path = AppDelegate.swift; sourceTree = "<group>"; };
		BEFEB5602907C9CD00611978 /* SceneDelegate.swift */ = {isa = PBXFileReference; lastKnownFileType = sourcecode.swift; path = SceneDelegate.swift; sourceTree = "<group>"; };
		BEFEB5622907C9CD00611978 /* ViewController.swift */ = {isa = PBXFileReference; lastKnownFileType = sourcecode.swift; path = ViewController.swift; sourceTree = "<group>"; };
		BEFEB5652907C9CD00611978 /* Base */ = {isa = PBXFileReference; lastKnownFileType = file.storyboard; name = Base; path = Base.lproj/Main.storyboard; sourceTree = "<group>"; };
		BEFEB5672907C9CD00611978 /* Assets.xcassets */ = {isa = PBXFileReference; lastKnownFileType = folder.assetcatalog; path = Assets.xcassets; sourceTree = "<group>"; };
		BEFEB56A2907C9CD00611978 /* Base */ = {isa = PBXFileReference; lastKnownFileType = file.storyboard; name = Base; path = Base.lproj/LaunchScreen.storyboard; sourceTree = "<group>"; };
		BEFEB56C2907C9CD00611978 /* Info.plist */ = {isa = PBXFileReference; lastKnownFileType = text.plist.xml; path = Info.plist; sourceTree = "<group>"; };
		C74988F04E32A0BC77C2D92B /* Pods-Homework_4.debug.xcconfig */ = {isa = PBXFileReference; includeInIndex = 1; lastKnownFileType = text.xcconfig; name = "Pods-Homework_4.debug.xcconfig"; path = "Target Support Files/Pods-Homework_4/Pods-Homework_4.debug.xcconfig"; sourceTree = "<group>"; };
		D4F724EACFAC891F84AD5928 /* Pods-Homework_4.release.xcconfig */ = {isa = PBXFileReference; includeInIndex = 1; lastKnownFileType = text.xcconfig; name = "Pods-Homework_4.release.xcconfig"; path = "Target Support Files/Pods-Homework_4/Pods-Homework_4.release.xcconfig"; sourceTree = "<group>"; };
/* End PBXFileReference section */

/* Begin PBXFrameworksBuildPhase section */
		BEFEB5582907C9CD00611978 /* Frameworks */ = {
			isa = PBXFrameworksBuildPhase;
			buildActionMask = 2147483647;
			files = (
				C274A71A2ED53B4D744CCDC1 /* Pods_Homework_4.framework in Frameworks */,
			);
			runOnlyForDeploymentPostprocessing = 0;
		};
/* End PBXFrameworksBuildPhase section */

/* Begin PBXGroup section */
		092C3A8CEA9A58D6ED1791B3 /* Pods */ = {
			isa = PBXGroup;
			children = (
				C74988F04E32A0BC77C2D92B /* Pods-Homework_4.debug.xcconfig */,
				D4F724EACFAC891F84AD5928 /* Pods-Homework_4.release.xcconfig */,
			);
			path = Pods;
			sourceTree = "<group>";
		};
		BE66A2F22909C8EB00410E23 /* Helpers */ = {
			isa = PBXGroup;
			children = (
				BE66A2F32909C90000410E23 /* Constants.swift */,
				BE66A2F52909CE2B00410E23 /* Extensions.swift */,
			);
			path = Helpers;
			sourceTree = "<group>";
		};
		BEC82D88290831EE008EED91 /* Models */ = {
			isa = PBXGroup;
			children = (
				BEC82D8929083204008EED91 /* Company.swift */,
				BEC82D9429084BC5008EED91 /* TopRatedModel.swift */,
				BEC82D9629084C0C008EED91 /* RecomendationsModel.swift */,
				BED0E8C72909872100CB9F83 /* GenreModel.swift */,
			);
			path = Models;
			sourceTree = "<group>";
		};
		BEC82D8B290832BC008EED91 /* JsonFiles */ = {
			isa = PBXGroup;
			children = (
				BEC82D8C290832D6008EED91 /* rawData.json */,
			);
			path = JsonFiles;
			sourceTree = "<group>";
		};
		BED0E8C92909A64700CB9F83 /* Controllers */ = {
			isa = PBXGroup;
			children = (
				BED0E8CA2909A67000CB9F83 /* TopRatedViewController.swift */,
				BED0E8CC2909A6B700CB9F83 /* RecomendationsViewController.swift */,
				BED0E8CE2909A6DA00CB9F83 /* GenreViewController.swift */,
			);
			path = Controllers;
			sourceTree = "<group>";
		};
		BEFEB5522907C9CD00611978 = {
			isa = PBXGroup;
			children = (
				BEFEB55D2907C9CD00611978 /* Homework_4 */,
				092C3A8CEA9A58D6ED1791B3 /* Pods */,
				D274D3C7E26270C7FCC22697 /* Frameworks */,
				BEC82D8F29083994008EED91 /* Homework_4.app */,
			);
			sourceTree = "<group>";
		};
		BEFEB55D2907C9CD00611978 /* Homework_4 */ = {
			isa = PBXGroup;
			children = (
				BE66A2F22909C8EB00410E23 /* Helpers */,
				BED0E8C92909A64700CB9F83 /* Controllers */,
				BEC82D8B290832BC008EED91 /* JsonFiles */,
				BEC82D88290831EE008EED91 /* Models */,
				BEFEB55E2907C9CD00611978 /* AppDelegate.swift */,
				BEFEB5602907C9CD00611978 /* SceneDelegate.swift */,
				BEFEB5622907C9CD00611978 /* ViewController.swift */,
				BEFEB5642907C9CD00611978 /* Main.storyboard */,
				BEFEB5672907C9CD00611978 /* Assets.xcassets */,
				BEFEB5692907C9CD00611978 /* LaunchScreen.storyboard */,
				BEFEB56C2907C9CD00611978 /* Info.plist */,
			);
			path = Homework_4;
			sourceTree = "<group>";
		};
		D274D3C7E26270C7FCC22697 /* Frameworks */ = {
			isa = PBXGroup;
			children = (
				BA7EBD4FB3CBDB910B03D36F /* Pods_Homework_4.framework */,
			);
			name = Frameworks;
			sourceTree = "<group>";
		};
/* End PBXGroup section */

/* Begin PBXNativeTarget section */
		BEFEB55A2907C9CD00611978 /* Homework_4 */ = {
			isa = PBXNativeTarget;
			buildConfigurationList = BEFEB56F2907C9CD00611978 /* Build configuration list for PBXNativeTarget "Homework_4" */;
			buildPhases = (
				DFD44DA5222975301FFEFE6A /* [CP] Check Pods Manifest.lock */,
				BEFEB5572907C9CD00611978 /* Sources */,
				BEFEB5582907C9CD00611978 /* Frameworks */,
				BEFEB5592907C9CD00611978 /* Resources */,
				442A8BE587879AEF702F4D1E /* [CP] Embed Pods Frameworks */,
			);
			buildRules = (
			);
			dependencies = (
			);
			name = Homework_4;
			productName = Homework_4;
			productReference = BEC82D8F29083994008EED91 /* Homework_4.app */;
			productType = "com.apple.product-type.application";
		};
/* End PBXNativeTarget section */

/* Begin PBXProject section */
		BEFEB5532907C9CD00611978 /* Project object */ = {
			isa = PBXProject;
			attributes = {
				BuildIndependentTargetsInParallel = 1;
				LastSwiftUpdateCheck = 1400;
				LastUpgradeCheck = 1400;
				TargetAttributes = {
					BEFEB55A2907C9CD00611978 = {
						CreatedOnToolsVersion = 14.0.1;
					};
				};
			};
			buildConfigurationList = BEFEB5562907C9CD00611978 /* Build configuration list for PBXProject "Homework_4" */;
			compatibilityVersion = "Xcode 14.0";
			developmentRegion = en;
			hasScannedForEncodings = 0;
			knownRegions = (
				en,
				Base,
			);
			mainGroup = BEFEB5522907C9CD00611978;
			productRefGroup = BEFEB5522907C9CD00611978;
			projectDirPath = "";
			projectRoot = "";
			targets = (
				BEFEB55A2907C9CD00611978 /* Homework_4 */,
			);
		};
/* End PBXProject section */

/* Begin PBXResourcesBuildPhase section */
		BEFEB5592907C9CD00611978 /* Resources */ = {
			isa = PBXResourcesBuildPhase;
			buildActionMask = 2147483647;
			files = (
				BEC82D8D290832D6008EED91 /* rawData.json in Resources */,
				BEFEB56B2907C9CD00611978 /* LaunchScreen.storyboard in Resources */,
				BEFEB5682907C9CD00611978 /* Assets.xcassets in Resources */,
				BEFEB5662907C9CD00611978 /* Main.storyboard in Resources */,
			);
			runOnlyForDeploymentPostprocessing = 0;
		};
/* End PBXResourcesBuildPhase section */

/* Begin PBXShellScriptBuildPhase section */
		442A8BE587879AEF702F4D1E /* [CP] Embed Pods Frameworks */ = {
			isa = PBXShellScriptBuildPhase;
			buildActionMask = 2147483647;
			files = (
			);
			inputFileListPaths = (
				"${PODS_ROOT}/Target Support Files/Pods-Homework_4/Pods-Homework_4-frameworks-${CONFIGURATION}-input-files.xcfilelist",
			);
			name = "[CP] Embed Pods Frameworks";
			outputFileListPaths = (
				"${PODS_ROOT}/Target Support Files/Pods-Homework_4/Pods-Homework_4-frameworks-${CONFIGURATION}-output-files.xcfilelist",
			);
			runOnlyForDeploymentPostprocessing = 0;
			shellPath = /bin/sh;
			shellScript = "\"${PODS_ROOT}/Target Support Files/Pods-Homework_4/Pods-Homework_4-frameworks.sh\"\n";
			showEnvVarsInLog = 0;
		};
		DFD44DA5222975301FFEFE6A /* [CP] Check Pods Manifest.lock */ = {
			isa = PBXShellScriptBuildPhase;
			buildActionMask = 2147483647;
			files = (
			);
			inputFileListPaths = (
			);
			inputPaths = (
				"${PODS_PODFILE_DIR_PATH}/Podfile.lock",
				"${PODS_ROOT}/Manifest.lock",
			);
			name = "[CP] Check Pods Manifest.lock";
			outputFileListPaths = (
			);
			outputPaths = (
				"$(DERIVED_FILE_DIR)/Pods-Homework_4-checkManifestLockResult.txt",
			);
			runOnlyForDeploymentPostprocessing = 0;
			shellPath = /bin/sh;
			shellScript = "diff \"${PODS_PODFILE_DIR_PATH}/Podfile.lock\" \"${PODS_ROOT}/Manifest.lock\" > /dev/null\nif [ $? != 0 ] ; then\n    # print error to STDERR\n    echo \"error: The sandbox is not in sync with the Podfile.lock. Run 'pod install' or update your CocoaPods installation.\" >&2\n    exit 1\nfi\n# This output is used by Xcode 'outputs' to avoid re-running this script phase.\necho \"SUCCESS\" > \"${SCRIPT_OUTPUT_FILE_0}\"\n";
			showEnvVarsInLog = 0;
		};
/* End PBXShellScriptBuildPhase section */

/* Begin PBXSourcesBuildPhase section */
		BEFEB5572907C9CD00611978 /* Sources */ = {
			isa = PBXSourcesBuildPhase;
			buildActionMask = 2147483647;
			files = (
				BEC82D9529084BC5008EED91 /* TopRatedModel.swift in Sources */,
				BE66A2F42909C90000410E23 /* Constants.swift in Sources */,
				BED0E8CB2909A67000CB9F83 /* TopRatedViewController.swift in Sources */,
				BED0E8C82909872100CB9F83 /* GenreModel.swift in Sources */,
				BEFEB5632907C9CD00611978 /* ViewController.swift in Sources */,
				BEC82D9729084C0C008EED91 /* RecomendationsModel.swift in Sources */,
				BEFEB55F2907C9CD00611978 /* AppDelegate.swift in Sources */,
				BE66A2F62909CE2B00410E23 /* Extensions.swift in Sources */,
				BEFEB5612907C9CD00611978 /* SceneDelegate.swift in Sources */,
				BEC82D8A29083204008EED91 /* Company.swift in Sources */,
				BED0E8CD2909A6B700CB9F83 /* RecomendationsViewController.swift in Sources */,
				BED0E8CF2909A6DA00CB9F83 /* GenreViewController.swift in Sources */,
			);
			runOnlyForDeploymentPostprocessing = 0;
		};
/* End PBXSourcesBuildPhase section */

/* Begin PBXVariantGroup section */
		BEFEB5642907C9CD00611978 /* Main.storyboard */ = {
			isa = PBXVariantGroup;
			children = (
				BEFEB5652907C9CD00611978 /* Base */,
			);
			name = Main.storyboard;
			sourceTree = "<group>";
		};
		BEFEB5692907C9CD00611978 /* LaunchScreen.storyboard */ = {
			isa = PBXVariantGroup;
			children = (
				BEFEB56A2907C9CD00611978 /* Base */,
			);
			name = LaunchScreen.storyboard;
			sourceTree = "<group>";
		};
/* End PBXVariantGroup section */

/* Begin XCBuildConfiguration section */
		BEFEB56D2907C9CD00611978 /* Debug */ = {
			isa = XCBuildConfiguration;
			buildSettings = {
				ALWAYS_SEARCH_USER_PATHS = NO;
				CLANG_ANALYZER_NONNULL = YES;
				CLANG_ANALYZER_NUMBER_OBJECT_CONVERSION = YES_AGGRESSIVE;
				CLANG_CXX_LANGUAGE_STANDARD = "gnu++20";
				CLANG_ENABLE_MODULES = YES;
				CLANG_ENABLE_OBJC_ARC = YES;
				CLANG_ENABLE_OBJC_WEAK = YES;
				CLANG_WARN_BLOCK_CAPTURE_AUTORELEASING = YES;
				CLANG_WARN_BOOL_CONVERSION = YES;
				CLANG_WARN_COMMA = YES;
				CLANG_WARN_CONSTANT_CONVERSION = YES;
				CLANG_WARN_DEPRECATED_OBJC_IMPLEMENTATIONS = YES;
				CLANG_WARN_DIRECT_OBJC_ISA_USAGE = YES_ERROR;
				CLANG_WARN_DOCUMENTATION_COMMENTS = YES;
				CLANG_WARN_EMPTY_BODY = YES;
				CLANG_WARN_ENUM_CONVERSION = YES;
				CLANG_WARN_INFINITE_RECURSION = YES;
				CLANG_WARN_INT_CONVERSION = YES;
				CLANG_WARN_NON_LITERAL_NULL_CONVERSION = YES;
				CLANG_WARN_OBJC_IMPLICIT_RETAIN_SELF = YES;
				CLANG_WARN_OBJC_LITERAL_CONVERSION = YES;
				CLANG_WARN_OBJC_ROOT_CLASS = YES_ERROR;
				CLANG_WARN_QUOTED_INCLUDE_IN_FRAMEWORK_HEADER = YES;
				CLANG_WARN_RANGE_LOOP_ANALYSIS = YES;
				CLANG_WARN_STRICT_PROTOTYPES = YES;
				CLANG_WARN_SUSPICIOUS_MOVE = YES;
				CLANG_WARN_UNGUARDED_AVAILABILITY = YES_AGGRESSIVE;
				CLANG_WARN_UNREACHABLE_CODE = YES;
				CLANG_WARN__DUPLICATE_METHOD_MATCH = YES;
				COPY_PHASE_STRIP = NO;
				DEBUG_INFORMATION_FORMAT = dwarf;
				ENABLE_STRICT_OBJC_MSGSEND = YES;
				ENABLE_TESTABILITY = YES;
				GCC_C_LANGUAGE_STANDARD = gnu11;
				GCC_DYNAMIC_NO_PIC = NO;
				GCC_NO_COMMON_BLOCKS = YES;
				GCC_OPTIMIZATION_LEVEL = 0;
				GCC_PREPROCESSOR_DEFINITIONS = (
					"DEBUG=1",
					"$(inherited)",
				);
				GCC_WARN_64_TO_32_BIT_CONVERSION = YES;
				GCC_WARN_ABOUT_RETURN_TYPE = YES_ERROR;
				GCC_WARN_UNDECLARED_SELECTOR = YES;
				GCC_WARN_UNINITIALIZED_AUTOS = YES_AGGRESSIVE;
				GCC_WARN_UNUSED_FUNCTION = YES;
				GCC_WARN_UNUSED_VARIABLE = YES;
				IPHONEOS_DEPLOYMENT_TARGET = 16.0;
				MTL_ENABLE_DEBUG_INFO = INCLUDE_SOURCE;
				MTL_FAST_MATH = YES;
				ONLY_ACTIVE_ARCH = YES;
				SDKROOT = iphoneos;
				SWIFT_ACTIVE_COMPILATION_CONDITIONS = DEBUG;
				SWIFT_OPTIMIZATION_LEVEL = "-Onone";
			};
			name = Debug;
		};
		BEFEB56E2907C9CD00611978 /* Release */ = {
			isa = XCBuildConfiguration;
			buildSettings = {
				ALWAYS_SEARCH_USER_PATHS = NO;
				CLANG_ANALYZER_NONNULL = YES;
				CLANG_ANALYZER_NUMBER_OBJECT_CONVERSION = YES_AGGRESSIVE;
				CLANG_CXX_LANGUAGE_STANDARD = "gnu++20";
				CLANG_ENABLE_MODULES = YES;
				CLANG_ENABLE_OBJC_ARC = YES;
				CLANG_ENABLE_OBJC_WEAK = YES;
				CLANG_WARN_BLOCK_CAPTURE_AUTORELEASING = YES;
				CLANG_WARN_BOOL_CONVERSION = YES;
				CLANG_WARN_COMMA = YES;
				CLANG_WARN_CONSTANT_CONVERSION = YES;
				CLANG_WARN_DEPRECATED_OBJC_IMPLEMENTATIONS = YES;
				CLANG_WARN_DIRECT_OBJC_ISA_USAGE = YES_ERROR;
				CLANG_WARN_DOCUMENTATION_COMMENTS = YES;
				CLANG_WARN_EMPTY_BODY = YES;
				CLANG_WARN_ENUM_CONVERSION = YES;
				CLANG_WARN_INFINITE_RECURSION = YES;
				CLANG_WARN_INT_CONVERSION = YES;
				CLANG_WARN_NON_LITERAL_NULL_CONVERSION = YES;
				CLANG_WARN_OBJC_IMPLICIT_RETAIN_SELF = YES;
				CLANG_WARN_OBJC_LITERAL_CONVERSION = YES;
				CLANG_WARN_OBJC_ROOT_CLASS = YES_ERROR;
				CLANG_WARN_QUOTED_INCLUDE_IN_FRAMEWORK_HEADER = YES;
				CLANG_WARN_RANGE_LOOP_ANALYSIS = YES;
				CLANG_WARN_STRICT_PROTOTYPES = YES;
				CLANG_WARN_SUSPICIOUS_MOVE = YES;
				CLANG_WARN_UNGUARDED_AVAILABILITY = YES_AGGRESSIVE;
				CLANG_WARN_UNREACHABLE_CODE = YES;
				CLANG_WARN__DUPLICATE_METHOD_MATCH = YES;
				COPY_PHASE_STRIP = NO;
				DEBUG_INFORMATION_FORMAT = "dwarf-with-dsym";
				ENABLE_NS_ASSERTIONS = NO;
				ENABLE_STRICT_OBJC_MSGSEND = YES;
				GCC_C_LANGUAGE_STANDARD = gnu11;
				GCC_NO_COMMON_BLOCKS = YES;
				GCC_WARN_64_TO_32_BIT_CONVERSION = YES;
				GCC_WARN_ABOUT_RETURN_TYPE = YES_ERROR;
				GCC_WARN_UNDECLARED_SELECTOR = YES;
				GCC_WARN_UNINITIALIZED_AUTOS = YES_AGGRESSIVE;
				GCC_WARN_UNUSED_FUNCTION = YES;
				GCC_WARN_UNUSED_VARIABLE = YES;
				IPHONEOS_DEPLOYMENT_TARGET = 16.0;
				MTL_ENABLE_DEBUG_INFO = NO;
				MTL_FAST_MATH = YES;
				SDKROOT = iphoneos;
				SWIFT_COMPILATION_MODE = wholemodule;
				SWIFT_OPTIMIZATION_LEVEL = "-O";
				VALIDATE_PRODUCT = YES;
			};
			name = Release;
		};
		BEFEB5702907C9CD00611978 /* Debug */ = {
			isa = XCBuildConfiguration;
			baseConfigurationReference = C74988F04E32A0BC77C2D92B /* Pods-Homework_4.debug.xcconfig */;
			buildSettings = {
				ASSETCATALOG_COMPILER_APPICON_NAME = AppIcon;
				ASSETCATALOG_COMPILER_GLOBAL_ACCENT_COLOR_NAME = AccentColor;
				CODE_SIGN_STYLE = Automatic;
				CURRENT_PROJECT_VERSION = 1;
				DEVELOPMENT_TEAM = 637V5ANJMR;
				GENERATE_INFOPLIST_FILE = YES;
				INFOPLIST_FILE = Homework_4/Info.plist;
				INFOPLIST_KEY_UIApplicationSupportsIndirectInputEvents = YES;
				INFOPLIST_KEY_UILaunchStoryboardName = LaunchScreen;
				INFOPLIST_KEY_UIMainStoryboardFile = Main;
				INFOPLIST_KEY_UISupportedInterfaceOrientations_iPad = "UIInterfaceOrientationPortrait UIInterfaceOrientationPortraitUpsideDown UIInterfaceOrientationLandscapeLeft UIInterfaceOrientationLandscapeRight";
				INFOPLIST_KEY_UISupportedInterfaceOrientations_iPhone = "UIInterfaceOrientationPortrait UIInterfaceOrientationLandscapeLeft UIInterfaceOrientationLandscapeRight";
				LD_RUNPATH_SEARCH_PATHS = (
					"$(inherited)",
					"@executable_path/Frameworks",
				);
				MARKETING_VERSION = 1.0;
				PRODUCT_BUNDLE_IDENTIFIER = "MikhailovskyiYevhenii.Homework-4";
				PRODUCT_NAME = "$(TARGET_NAME)";
				SWIFT_EMIT_LOC_STRINGS = YES;
				SWIFT_VERSION = 5.0;
				TARGETED_DEVICE_FAMILY = "1,2";
			};
			name = Debug;
		};
		BEFEB5712907C9CD00611978 /* Release */ = {
			isa = XCBuildConfiguration;
			baseConfigurationReference = D4F724EACFAC891F84AD5928 /* Pods-Homework_4.release.xcconfig */;
			buildSettings = {
				ASSETCATALOG_COMPILER_APPICON_NAME = AppIcon;
				ASSETCATALOG_COMPILER_GLOBAL_ACCENT_COLOR_NAME = AccentColor;
				CODE_SIGN_STYLE = Automatic;
				CURRENT_PROJECT_VERSION = 1;
				DEVELOPMENT_TEAM = 637V5ANJMR;
				GENERATE_INFOPLIST_FILE = YES;
				INFOPLIST_FILE = Homework_4/Info.plist;
				INFOPLIST_KEY_UIApplicationSupportsIndirectInputEvents = YES;
				INFOPLIST_KEY_UILaunchStoryboardName = LaunchScreen;
				INFOPLIST_KEY_UIMainStoryboardFile = Main;
				INFOPLIST_KEY_UISupportedInterfaceOrientations_iPad = "UIInterfaceOrientationPortrait UIInterfaceOrientationPortraitUpsideDown UIInterfaceOrientationLandscapeLeft UIInterfaceOrientationLandscapeRight";
				INFOPLIST_KEY_UISupportedInterfaceOrientations_iPhone = "UIInterfaceOrientationPortrait UIInterfaceOrientationLandscapeLeft UIInterfaceOrientationLandscapeRight";
				LD_RUNPATH_SEARCH_PATHS = (
					"$(inherited)",
					"@executable_path/Frameworks",
				);
				MARKETING_VERSION = 1.0;
				PRODUCT_BUNDLE_IDENTIFIER = "MikhailovskyiYevhenii.Homework-4";
				PRODUCT_NAME = "$(TARGET_NAME)";
				SWIFT_EMIT_LOC_STRINGS = YES;
				SWIFT_VERSION = 5.0;
				TARGETED_DEVICE_FAMILY = "1,2";
			};
			name = Release;
		};
/* End XCBuildConfiguration section */

/* Begin XCConfigurationList section */
		BEFEB5562907C9CD00611978 /* Build configuration list for PBXProject "Homework_4" */ = {
			isa = XCConfigurationList;
			buildConfigurations = (
				BEFEB56D2907C9CD00611978 /* Debug */,
				BEFEB56E2907C9CD00611978 /* Release */,
			);
			defaultConfigurationIsVisible = 0;
			defaultConfigurationName = Release;
		};
		BEFEB56F2907C9CD00611978 /* Build configuration list for PBXNativeTarget "Homework_4" */ = {
			isa = XCConfigurationList;
			buildConfigurations = (
				BEFEB5702907C9CD00611978 /* Debug */,
				BEFEB5712907C9CD00611978 /* Release */,
			);
			defaultConfigurationIsVisible = 0;
			defaultConfigurationName = Release;
		};
/* End XCConfigurationList section */
	};
	rootObject = BEFEB5532907C9CD00611978 /* Project object */;
}
